
Microsoft Visual Studio Solution File, Format Version 12.00
# Visual Studio Version 17
VisualStudioVersion = 17.0.32014.148
MinimumVisualStudioVersion = 10.0.40219.1
Project("{FAE04EC0-301F-11D3-BF4B-00C04F79EFBC}") = "CoreIdentity102", "CoreIdentity102\CoreIdentity102.csproj", "{FF5A0AEE-6974-4016-88D7-267BE6584E14}"
EndProject
Global
	GlobalSection(SolutionConfigurationPlatforms) = preSolution
		Debug|Any CPU = Debug|Any CPU
		Release|Any CPU = Release|Any CPU
	EndGlobalSection
	GlobalSection(ProjectConfigurationPlatforms) = postSolution
		{FF5A0AEE-6974-4016-88D7-267BE6584E14}.Debug|Any CPU.ActiveCfg = Debug|Any CPU
		{FF5A0AEE-6974-4016-88D7-267BE6584E14}.Debug|Any CPU.Build.0 = Debug|Any CPU
		{FF5A0AEE-6974-4016-88D7-267BE6584E14}.Release|Any CPU.ActiveCfg = Release|Any CPU
		{FF5A0AEE-6974-4016-88D7-267BE6584E14}.Release|Any CPU.Build.0 = Release|Any CPU
	EndGlobalSection
	GlobalSection(SolutionProperties) = preSolution
		HideSolutionNode = FALSE
	EndGlobalSection
	GlobalSection(ExtensibilityGlobals) = postSolution
		SolutionGuid = {9EEF25EE-28C5-4A9F-9AA3-F1CDDEF49D52}
	EndGlobalSection
EndGlobal
